
Microsoft Visual Studio Solution File, Format Version 12.00
# Visual Studio Version 17
VisualStudioVersion = 17.10.34916.146
MinimumVisualStudioVersion = 10.0.40219.1
Project("{FAE04EC0-301F-11D3-BF4B-00C04F79EFBC}") = "Lugares_CR_logica", "Lugares_CR_logica\Lugares_CR_logica.csproj", "{441083BA-9A8F-4811-A28F-F6C04AA39DA3}"
EndProject
Global
	GlobalSection(SolutionConfigurationPlatforms) = preSolution
		Debug|Any CPU = Debug|Any CPU
		Release|Any CPU = Release|Any CPU
	EndGlobalSection
	GlobalSection(ProjectConfigurationPlatforms) = postSolution
		{441083BA-9A8F-4811-A28F-F6C04AA39DA3}.Debug|Any CPU.ActiveCfg = Debug|Any CPU
		{441083BA-9A8F-4811-A28F-F6C04AA39DA3}.Debug|Any CPU.Build.0 = Debug|Any CPU
		{441083BA-9A8F-4811-A28F-F6C04AA39DA3}.Release|Any CPU.ActiveCfg = Release|Any CPU
		{441083BA-9A8F-4811-A28F-F6C04AA39DA3}.Release|Any CPU.Build.0 = Release|Any CPU
	EndGlobalSection
	GlobalSection(SolutionProperties) = preSolution
		HideSolutionNode = FALSE
	EndGlobalSection
	GlobalSection(ExtensibilityGlobals) = postSolution
		SolutionGuid = {B53046E7-A6B7-46B6-A949-67628C814297}
	EndGlobalSection
EndGlobal
